
Microsoft Visual Studio Solution File, Format Version 12.00
# Visual Studio Version 16
VisualStudioVersion = 25.0.1700.7
MinimumVisualStudioVersion = 10.0.40219.1
Project("{FAE04EC0-301F-11D3-BF4B-00C04F79EFBC}") = "StudioCountingCharacters", "StudioCountingCharacters\StudioCountingCharacters.csproj", "{5CEE52E3-E442-450D-9A89-60CF41632AE4}"
EndProject
Global
	GlobalSection(SolutionConfigurationPlatforms) = preSolution
		Debug|Any CPU = Debug|Any CPU
		Release|Any CPU = Release|Any CPU
	EndGlobalSection
	GlobalSection(ProjectConfigurationPlatforms) = postSolution
		{5CEE52E3-E442-450D-9A89-60CF41632AE4}.Debug|Any CPU.ActiveCfg = Debug|Any CPU
		{5CEE52E3-E442-450D-9A89-60CF41632AE4}.Debug|Any CPU.Build.0 = Debug|Any CPU
		{5CEE52E3-E442-450D-9A89-60CF41632AE4}.Release|Any CPU.ActiveCfg = Release|Any CPU
		{5CEE52E3-E442-450D-9A89-60CF41632AE4}.Release|Any CPU.Build.0 = Release|Any CPU
	EndGlobalSection
	GlobalSection(SolutionProperties) = preSolution
		HideSolutionNode = FALSE
	EndGlobalSection
	GlobalSection(ExtensibilityGlobals) = postSolution
		SolutionGuid = {8A867C53-A6FE-4464-B6A9-953EC9C4B13E}
	EndGlobalSection
EndGlobal
